
Microsoft Visual Studio Solution File, Format Version 12.00
# Visual Studio Version 17
VisualStudioVersion = 17.7.34031.279
MinimumVisualStudioVersion = 10.0.40219.1
Project("{FAE04EC0-301F-11D3-BF4B-00C04F79EFBC}") = "14. Simple Calculator with user’s operator", "14. Simple Calculator with user’s operator.csproj", "{6F65C44B-C4D0-4E42-BE3F-3F63B2A92F68}"
EndProject
Global
	GlobalSection(SolutionConfigurationPlatforms) = preSolution
		Debug|Any CPU = Debug|Any CPU
		Release|Any CPU = Release|Any CPU
	EndGlobalSection
	GlobalSection(ProjectConfigurationPlatforms) = postSolution
		{6F65C44B-C4D0-4E42-BE3F-3F63B2A92F68}.Debug|Any CPU.ActiveCfg = Debug|Any CPU
		{6F65C44B-C4D0-4E42-BE3F-3F63B2A92F68}.Debug|Any CPU.Build.0 = Debug|Any CPU
		{6F65C44B-C4D0-4E42-BE3F-3F63B2A92F68}.Release|Any CPU.ActiveCfg = Release|Any CPU
		{6F65C44B-C4D0-4E42-BE3F-3F63B2A92F68}.Release|Any CPU.Build.0 = Release|Any CPU
	EndGlobalSection
	GlobalSection(SolutionProperties) = preSolution
		HideSolutionNode = FALSE
	EndGlobalSection
	GlobalSection(ExtensibilityGlobals) = postSolution
		SolutionGuid = {8FC65F9E-6B92-4156-B15A-E1F4FD79DF46}
	EndGlobalSection
EndGlobal
